
Microsoft Visual Studio Solution File, Format Version 12.00
# Visual Studio Version 17
VisualStudioVersion = 17.8.34330.188
MinimumVisualStudioVersion = 10.0.40219.1
Project("{9A19103F-16F7-4668-BE54-9A1E7A4F7556}") = "OxyPlot", "oxyplot\Source\OxyPlot\OxyPlot.csproj", "{D1CBFCD8-98D6-4CC8-A666-0F2E7807C583}"
EndProject
Project("{FAE04EC0-301F-11D3-BF4B-00C04F79EFBC}") = "1-Current-Dev", "MathParser.org-mXparser\CURRENT\c-sharp\1-Current-Dev.csproj", "{DAB07121-1F1D-4D95-B837-539E2FE64BAB}"
EndProject
Project("{9A19103F-16F7-4668-BE54-9A1E7A4F7556}") = "OxyPlot.WindowsForms", "oxyplot\Source\OxyPlot.WindowsForms\OxyPlot.WindowsForms.csproj", "{592DD1EC-020F-46DC-80A3-EF1F54A0DDBC}"
EndProject
Project("{9A19103F-16F7-4668-BE54-9A1E7A4F7556}") = "MathFunctionWPF", "MathFunctionWPF\MathFunctionWPF.csproj", "{CDE27FE7-80D1-4184-B8C9-47E989EE995C}"
EndProject
Project("{9A19103F-16F7-4668-BE54-9A1E7A4F7556}") = "OxyPlot.Wpf", "..\oxyplot\Source\OxyPlot.Wpf\OxyPlot.Wpf.csproj", "{69CC1F66-2237-4DA9-8E79-DB80B7981C70}"
EndProject
Project("{9A19103F-16F7-4668-BE54-9A1E7A4F7556}") = "OxyPlot.Wpf.Shared", "..\oxyplot\Source\OxyPlot.Wpf.Shared\OxyPlot.Wpf.Shared.csproj", "{C68B9480-0BE8-4B77-AAC1-17FB1B37BCCB}"
EndProject
Global
	GlobalSection(SolutionConfigurationPlatforms) = preSolution
		Debug|Any CPU = Debug|Any CPU
		Debug|x64 = Debug|x64
		Debug|x86 = Debug|x86
		Release|Any CPU = Release|Any CPU
		Release|x64 = Release|x64
		Release|x86 = Release|x86
	EndGlobalSection
	GlobalSection(ProjectConfigurationPlatforms) = postSolution
		{D1CBFCD8-98D6-4CC8-A666-0F2E7807C583}.Debug|Any CPU.ActiveCfg = Debug|Any CPU
		{D1CBFCD8-98D6-4CC8-A666-0F2E7807C583}.Debug|Any CPU.Build.0 = Debug|Any CPU
		{D1CBFCD8-98D6-4CC8-A666-0F2E7807C583}.Debug|x64.ActiveCfg = Debug|Any CPU
		{D1CBFCD8-98D6-4CC8-A666-0F2E7807C583}.Debug|x64.Build.0 = Debug|Any CPU
		{D1CBFCD8-98D6-4CC8-A666-0F2E7807C583}.Debug|x86.ActiveCfg = Debug|Any CPU
		{D1CBFCD8-98D6-4CC8-A666-0F2E7807C583}.Debug|x86.Build.0 = Debug|Any CPU
		{D1CBFCD8-98D6-4CC8-A666-0F2E7807C583}.Release|Any CPU.ActiveCfg = Release|Any CPU
		{D1CBFCD8-98D6-4CC8-A666-0F2E7807C583}.Release|Any CPU.Build.0 = Release|Any CPU
		{D1CBFCD8-98D6-4CC8-A666-0F2E7807C583}.Release|x64.ActiveCfg = Release|Any CPU
		{D1CBFCD8-98D6-4CC8-A666-0F2E7807C583}.Release|x64.Build.0 = Release|Any CPU
		{D1CBFCD8-98D6-4CC8-A666-0F2E7807C583}.Release|x86.ActiveCfg = Release|Any CPU
		{D1CBFCD8-98D6-4CC8-A666-0F2E7807C583}.Release|x86.Build.0 = Release|Any CPU
		{DAB07121-1F1D-4D95-B837-539E2FE64BAB}.Debug|Any CPU.ActiveCfg = Debug|x86
		{DAB07121-1F1D-4D95-B837-539E2FE64BAB}.Debug|Any CPU.Build.0 = Debug|x86
		{DAB07121-1F1D-4D95-B837-539E2FE64BAB}.Debug|x64.ActiveCfg = Debug|x86
		{DAB07121-1F1D-4D95-B837-539E2FE64BAB}.Debug|x64.Build.0 = Debug|x86
		{DAB07121-1F1D-4D95-B837-539E2FE64BAB}.Debug|x86.ActiveCfg = Debug|x86
		{DAB07121-1F1D-4D95-B837-539E2FE64BAB}.Debug|x86.Build.0 = Debug|x86
		{DAB07121-1F1D-4D95-B837-539E2FE64BAB}.Release|Any CPU.ActiveCfg = Release|x86
		{DAB07121-1F1D-4D95-B837-539E2FE64BAB}.Release|Any CPU.Build.0 = Release|x86
		{DAB07121-1F1D-4D95-B837-539E2FE64BAB}.Release|x64.ActiveCfg = Release|x86
		{DAB07121-1F1D-4D95-B837-539E2FE64BAB}.Release|x64.Build.0 = Release|x86
		{DAB07121-1F1D-4D95-B837-539E2FE64BAB}.Release|x86.ActiveCfg = Release|x86
		{DAB07121-1F1D-4D95-B837-539E2FE64BAB}.Release|x86.Build.0 = Release|x86
		{592DD1EC-020F-46DC-80A3-EF1F54A0DDBC}.Debug|Any CPU.ActiveCfg = Debug|Any CPU
		{592DD1EC-020F-46DC-80A3-EF1F54A0DDBC}.Debug|Any CPU.Build.0 = Debug|Any CPU
		{592DD1EC-020F-46DC-80A3-EF1F54A0DDBC}.Debug|x64.ActiveCfg = Debug|Any CPU
		{592DD1EC-020F-46DC-80A3-EF1F54A0DDBC}.Debug|x64.Build.0 = Debug|Any CPU
		{592DD1EC-020F-46DC-80A3-EF1F54A0DDBC}.Debug|x86.ActiveCfg = Debug|Any CPU
		{592DD1EC-020F-46DC-80A3-EF1F54A0DDBC}.Debug|x86.Build.0 = Debug|Any CPU
		{592DD1EC-020F-46DC-80A3-EF1F54A0DDBC}.Release|Any CPU.ActiveCfg = Release|Any CPU
		{592DD1EC-020F-46DC-80A3-EF1F54A0DDBC}.Release|Any CPU.Build.0 = Release|Any CPU
		{592DD1EC-020F-46DC-80A3-EF1F54A0DDBC}.Release|x64.ActiveCfg = Release|Any CPU
		{592DD1EC-020F-46DC-80A3-EF1F54A0DDBC}.Release|x64.Build.0 = Release|Any CPU
		{592DD1EC-020F-46DC-80A3-EF1F54A0DDBC}.Release|x86.ActiveCfg = Release|Any CPU
		{592DD1EC-020F-46DC-80A3-EF1F54A0DDBC}.Release|x86.Build.0 = Release|Any CPU
		{CDE27FE7-80D1-4184-B8C9-47E989EE995C}.Debug|Any CPU.ActiveCfg = Debug|Any CPU
		{CDE27FE7-80D1-4184-B8C9-47E989EE995C}.Debug|Any CPU.Build.0 = Debug|Any CPU
		{CDE27FE7-80D1-4184-B8C9-47E989EE995C}.Debug|x64.ActiveCfg = Debug|Any CPU
		{CDE27FE7-80D1-4184-B8C9-47E989EE995C}.Debug|x64.Build.0 = Debug|Any CPU
		{CDE27FE7-80D1-4184-B8C9-47E989EE995C}.Debug|x86.ActiveCfg = Debug|Any CPU
		{CDE27FE7-80D1-4184-B8C9-47E989EE995C}.Debug|x86.Build.0 = Debug|Any CPU
		{CDE27FE7-80D1-4184-B8C9-47E989EE995C}.Release|Any CPU.ActiveCfg = Release|Any CPU
		{CDE27FE7-80D1-4184-B8C9-47E989EE995C}.Release|Any CPU.Build.0 = Release|Any CPU
		{CDE27FE7-80D1-4184-B8C9-47E989EE995C}.Release|x64.ActiveCfg = Release|Any CPU
		{CDE27FE7-80D1-4184-B8C9-47E989EE995C}.Release|x64.Build.0 = Release|Any CPU
		{CDE27FE7-80D1-4184-B8C9-47E989EE995C}.Release|x86.ActiveCfg = Release|Any CPU
		{CDE27FE7-80D1-4184-B8C9-47E989EE995C}.Release|x86.Build.0 = Release|Any CPU
		{69CC1F66-2237-4DA9-8E79-DB80B7981C70}.Debug|Any CPU.ActiveCfg = Debug|Any CPU
		{69CC1F66-2237-4DA9-8E79-DB80B7981C70}.Debug|Any CPU.Build.0 = Debug|Any CPU
		{69CC1F66-2237-4DA9-8E79-DB80B7981C70}.Debug|x64.ActiveCfg = Debug|Any CPU
		{69CC1F66-2237-4DA9-8E79-DB80B7981C70}.Debug|x64.Build.0 = Debug|Any CPU
		{69CC1F66-2237-4DA9-8E79-DB80B7981C70}.Debug|x86.ActiveCfg = Debug|Any CPU
		{69CC1F66-2237-4DA9-8E79-DB80B7981C70}.Debug|x86.Build.0 = Debug|Any CPU
		{69CC1F66-2237-4DA9-8E79-DB80B7981C70}.Release|Any CPU.ActiveCfg = Release|Any CPU
		{69CC1F66-2237-4DA9-8E79-DB80B7981C70}.Release|Any CPU.Build.0 = Release|Any CPU
		{69CC1F66-2237-4DA9-8E79-DB80B7981C70}.Release|x64.ActiveCfg = Release|Any CPU
		{69CC1F66-2237-4DA9-8E79-DB80B7981C70}.Release|x64.Build.0 = Release|Any CPU
		{69CC1F66-2237-4DA9-8E79-DB80B7981C70}.Release|x86.ActiveCfg = Release|Any CPU
		{69CC1F66-2237-4DA9-8E79-DB80B7981C70}.Release|x86.Build.0 = Release|Any CPU
		{C68B9480-0BE8-4B77-AAC1-17FB1B37BCCB}.Debug|Any CPU.ActiveCfg = Debug|Any CPU
		{C68B9480-0BE8-4B77-AAC1-17FB1B37BCCB}.Debug|Any CPU.Build.0 = Debug|Any CPU
		{C68B9480-0BE8-4B77-AAC1-17FB1B37BCCB}.Debug|x64.ActiveCfg = Debug|Any CPU
		{C68B9480-0BE8-4B77-AAC1-17FB1B37BCCB}.Debug|x64.Build.0 = Debug|Any CPU
		{C68B9480-0BE8-4B77-AAC1-17FB1B37BCCB}.Debug|x86.ActiveCfg = Debug|Any CPU
		{C68B9480-0BE8-4B77-AAC1-17FB1B37BCCB}.Debug|x86.Build.0 = Debug|Any CPU
		{C68B9480-0BE8-4B77-AAC1-17FB1B37BCCB}.Release|Any CPU.ActiveCfg = Release|Any CPU
		{C68B9480-0BE8-4B77-AAC1-17FB1B37BCCB}.Release|Any CPU.Build.0 = Release|Any CPU
		{C68B9480-0BE8-4B77-AAC1-17FB1B37BCCB}.Release|x64.ActiveCfg = Release|Any CPU
		{C68B9480-0BE8-4B77-AAC1-17FB1B37BCCB}.Release|x64.Build.0 = Release|Any CPU
		{C68B9480-0BE8-4B77-AAC1-17FB1B37BCCB}.Release|x86.ActiveCfg = Release|Any CPU
		{C68B9480-0BE8-4B77-AAC1-17FB1B37BCCB}.Release|x86.Build.0 = Release|Any CPU
	EndGlobalSection
	GlobalSection(SolutionProperties) = preSolution
		HideSolutionNode = FALSE
	EndGlobalSection
	GlobalSection(ExtensibilityGlobals) = postSolution
		SolutionGuid = {1664681A-199E-4EF2-90AB-C60CBF340750}
	EndGlobalSection
EndGlobal
